<?xml version="1.0" encoding="UTF-8"?>
<Project ToolsVersion="14.0" xmlns="http://schemas.microsoft.com/developer/msbuild/2003">
  <ItemGroup>
    <ClCompile Include="C:\Users\wengold\Desktop\NvCloth\NvCloth\src\ps\windows\PsWindowsAtomic.cpp">
      <Filter>src\ps\windows</Filter>
    </ClCompile>
    <ClCompile Include="C:\Users\wengold\Desktop\NvCloth\NvCloth\src\cuda\CuCloth.cpp">
      <Filter>src\cuda</Filter>
    </ClCompile>
    <ClCompile Include="C:\Users\wengold\Desktop\NvCloth\NvCloth\src\cuda\CuClothClone.cpp">
      <Filter>src\cuda</Filter>
    </ClCompile>
    <ClCompile Include="C:\Users\wengold\Desktop\NvCloth\NvCloth\src\cuda\CuClothData.cpp">
      <Filter>src\cuda</Filter>
    </ClCompile>
    <ClCompile Include="C:\Users\wengold\Desktop\NvCloth\NvCloth\src\cuda\CuContextLock.cpp">
      <Filter>src\cuda</Filter>
    </ClCompile>
    <ClCompile Include="C:\Users\wengold\Desktop\NvCloth\NvCloth\src\cuda\CuFabric.cpp">
      <Filter>src\cuda</Filter>
    </ClCompile>
    <ClCompile Include="C:\Users\wengold\Desktop\NvCloth\NvCloth\src\cuda\CuFactory.cpp">
      <Filter>src\cuda</Filter>
    </ClCompile>
    <ClCompile Include="C:\Users\wengold\Desktop\NvCloth\NvCloth\src\cuda\CuSolver.cpp">
      <Filter>src\cuda</Filter>
    </ClCompile>
    <ClCompile Include="C:\Users\wengold\Desktop\NvCloth\NvCloth\src\dx\DxCloth.cpp">
      <Filter>src\dx</Filter>
    </ClCompile>
    <ClCompile Include="C:\Users\wengold\Desktop\NvCloth\NvCloth\src\dx\DxClothClone.cpp">
      <Filter>src\dx</Filter>
    </ClCompile>
    <ClCompile Include="C:\Users\wengold\Desktop\NvCloth\NvCloth\src\dx\DxClothData.cpp">
      <Filter>src\dx</Filter>
    </ClCompile>
    <ClCompile Include="C:\Users\wengold\Desktop\NvCloth\NvCloth\src\dx\DxContextLock.cpp">
      <Filter>src\dx</Filter>
    </ClCompile>
    <ClCompile Include="C:\Users\wengold\Desktop\NvCloth\NvCloth\src\dx\DxFabric.cpp">
      <Filter>src\dx</Filter>
    </ClCompile>
    <ClCompile Include="C:\Users\wengold\Desktop\NvCloth\NvCloth\src\dx\DxFactory.cpp">
      <Filter>src\dx</Filter>
    </ClCompile>
    <ClCompile Include="C:\Users\wengold\Desktop\NvCloth\NvCloth\src\dx\DxSolver.cpp">
      <Filter>src\dx</Filter>
    </ClCompile>
    <ClCompile Include="C:\Users\wengold\Desktop\NvCloth\NvCloth\src\avx\SwSolveConstraints.cpp">
      <Filter>src\avx</Filter>
    </ClCompile>
    <ClCompile Include="C:\Users\wengold\Desktop\NvCloth\NvCloth\include\NvCloth\ps\PsAllocator.cpp">
      <Filter>include\NvCloth\ps</Filter>
    </ClCompile>
    <ClCompile Include="C:\Users\wengold\Desktop\NvCloth\NvCloth\src\Allocator.cpp">
      <Filter>src</Filter>
    </ClCompile>
    <ClCompile Include="C:\Users\wengold\Desktop\NvCloth\NvCloth\src\Callbacks.cpp">
      <Filter>src</Filter>
    </ClCompile>
    <ClCompile Include="C:\Users\wengold\Desktop\NvCloth\NvCloth\src\Factory.cpp">
      <Filter>src</Filter>
    </ClCompile>
    <ClCompile Include="C:\Users\wengold\Desktop\NvCloth\NvCloth\src\PhaseConfig.cpp">
      <Filter>src</Filter>
    </ClCompile>
    <ClCompile Include="C:\Users\wengold\Desktop\NvCloth\NvCloth\src\SwCloth.cpp">
      <Filter>src</Filter>
    </ClCompile>
    <ClCompile Include="C:\Users\wengold\Desktop\NvCloth\NvCloth\src\SwClothData.cpp">
      <Filter>src</Filter>
    </ClCompile>
    <ClCompile Include="C:\Users\wengold\Desktop\NvCloth\NvCloth\src\SwCollision.cpp">
      <Filter>src</Filter>
    </ClCompile>
    <ClCompile Include="C:\Users\wengold\Desktop\NvCloth\NvCloth\src\SwFabric.cpp">
      <Filter>src</Filter>
    </ClCompile>
    <ClCompile Include="C:\Users\wengold\Desktop\NvCloth\NvCloth\src\SwFactory.cpp">
      <Filter>src</Filter>
    </ClCompile>
    <ClCompile Include="C:\Users\wengold\Desktop\NvCloth\NvCloth\src\SwInterCollision.cpp">
      <Filter>src</Filter>
    </ClCompile>
    <ClCompile Include="C:\Users\wengold\Desktop\NvCloth\NvCloth\src\SwSelfCollision.cpp">
      <Filter>src</Filter>
    </ClCompile>
    <ClCompile Include="C:\Users\wengold\Desktop\NvCloth\NvCloth\src\SwSolver.cpp">
      <Filter>src</Filter>
    </ClCompile>
    <ClCompile Include="C:\Users\wengold\Desktop\NvCloth\NvCloth\src\SwSolverKernel.cpp">
      <Filter>src</Filter>
    </ClCompile>
    <ClCompile Include="C:\Users\wengold\Desktop\NvCloth\NvCloth\src\TripletScheduler.cpp">
      <Filter>src</Filter>
    </ClCompile>
    <ClCompile Include="C:\Users\wengold\Desktop\NvCloth\NvCloth\extensions\src\ClothFabricCooker.cpp">
      <Filter>extensions\src</Filter>
    </ClCompile>
    <ClCompile Include="C:\Users\wengold\Desktop\NvCloth\NvCloth\extensions\src\ClothGeodesicTetherCooker.cpp">
      <Filter>extensions\src</Filter>
    </ClCompile>
    <ClCompile Include="C:\Users\wengold\Desktop\NvCloth\NvCloth\extensions\src\ClothMeshQuadifier.cpp">
      <Filter>extensions\src</Filter>
    </ClCompile>
    <ClCompile Include="C:\Users\wengold\Desktop\NvCloth\NvCloth\extensions\src\ClothSimpleTetherCooker.cpp">
      <Filter>extensions\src</Filter>
    </ClCompile>
  </ItemGroup>
  <ItemGroup>
    <ClInclude Include="C:\Users\wengold\Desktop\NvCloth\NvCloth\src\ps\windows\PsWindowsFPU.h">
      <Filter>src\ps\windows</Filter>
    </ClInclude>
    <ClInclude Include="C:\Users\wengold\Desktop\NvCloth\NvCloth\src\ps\windows\PsWindowsInclude.h">
      <Filter>src\ps\windows</Filter>
    </ClInclude>
    <ClInclude Include="C:\Users\wengold\Desktop\NvCloth\NvCloth\src\cuda\CuCheckSuccess.h">
      <Filter>src\cuda</Filter>
    </ClInclude>
    <ClInclude Include="C:\Users\wengold\Desktop\NvCloth\NvCloth\src\cuda\CuCloth.h">
      <Filter>src\cuda</Filter>
    </ClInclude>
    <ClInclude Include="C:\Users\wengold\Desktop\NvCloth\NvCloth\src\cuda\CuClothData.h">
      <Filter>src\cuda</Filter>
    </ClInclude>
    <ClInclude Include="C:\Users\wengold\Desktop\NvCloth\NvCloth\src\cuda\CuCollision.h">
      <Filter>src\cuda</Filter>
    </ClInclude>
    <ClInclude Include="C:\Users\wengold\Desktop\NvCloth\NvCloth\src\cuda\CuContextLock.h">
      <Filter>src\cuda</Filter>
    </ClInclude>
    <ClInclude Include="C:\Users\wengold\Desktop\NvCloth\NvCloth\src\cuda\CuDevicePointer.h">
      <Filter>src\cuda</Filter>
    </ClInclude>
    <ClInclude Include="C:\Users\wengold\Desktop\NvCloth\NvCloth\src\cuda\CuDeviceVector.h">
      <Filter>src\cuda</Filter>
    </ClInclude>
    <ClInclude Include="C:\Users\wengold\Desktop\NvCloth\NvCloth\src\cuda\CuFabric.h">
      <Filter>src\cuda</Filter>
    </ClInclude>
    <ClInclude Include="C:\Users\wengold\Desktop\NvCloth\NvCloth\src\cuda\CuFactory.h">
      <Filter>src\cuda</Filter>
    </ClInclude>
    <ClInclude Include="C:\Users\wengold\Desktop\NvCloth\NvCloth\src\cuda\CuPhaseConfig.h">
      <Filter>src\cuda</Filter>
    </ClInclude>
    <ClInclude Include="C:\Users\wengold\Desktop\NvCloth\NvCloth\src\cuda\CuPinnedAllocator.h">
      <Filter>src\cuda</Filter>
    </ClInclude>
    <ClInclude Include="C:\Users\wengold\Desktop\NvCloth\NvCloth\src\cuda\CuSelfCollision.h">
      <Filter>src\cuda</Filter>
    </ClInclude>
    <ClInclude Include="C:\Users\wengold\Desktop\NvCloth\NvCloth\src\cuda\CuSolver.h">
      <Filter>src\cuda</Filter>
    </ClInclude>
    <ClInclude Include="C:\Users\wengold\Desktop\NvCloth\NvCloth\src\cuda\CuSolverKernel.h">
      <Filter>src\cuda</Filter>
    </ClInclude>
    <ClInclude Include="C:\Users\wengold\Desktop\NvCloth\NvCloth\src\cuda\CuSolverKernelBlob.h">
      <Filter>src\cuda</Filter>
    </ClInclude>
    <ClInclude Include="C:\Users\wengold\Desktop\NvCloth\NvCloth\include\NvCloth\ps\windows\PsWindowsIntrinsics.h">
      <Filter>include\NvCloth\ps\windows</Filter>
    </ClInclude>
    <ClInclude Include="C:\Users\wengold\Desktop\NvCloth\NvCloth\src\dx\DxBatchedVector.h">
      <Filter>src\dx</Filter>
    </ClInclude>
    <ClInclude Include="C:\Users\wengold\Desktop\NvCloth\NvCloth\src\dx\DxCheckSuccess.h">
      <Filter>src\dx</Filter>
    </ClInclude>
    <ClInclude Include="C:\Users\wengold\Desktop\NvCloth\NvCloth\src\dx\DxCloth.h">
      <Filter>src\dx</Filter>
    </ClInclude>
    <ClInclude Include="C:\Users\wengold\Desktop\NvCloth\NvCloth\src\dx\DxClothData.h">
      <Filter>src\dx</Filter>
    </ClInclude>
    <ClInclude Include="C:\Users\wengold\Desktop\NvCloth\NvCloth\src\dx\DxContextLock.h">
      <Filter>src\dx</Filter>
    </ClInclude>
    <ClInclude Include="C:\Users\wengold\Desktop\NvCloth\NvCloth\src\dx\DxDeviceVector.h">
      <Filter>src\dx</Filter>
    </ClInclude>
    <ClInclude Include="C:\Users\wengold\Desktop\NvCloth\NvCloth\src\dx\DxFabric.h">
      <Filter>src\dx</Filter>
    </ClInclude>
    <ClInclude Include="C:\Users\wengold\Desktop\NvCloth\NvCloth\src\dx\DxFactory.h">
      <Filter>src\dx</Filter>
    </ClInclude>
    <ClInclude Include="C:\Users\wengold\Desktop\NvCloth\NvCloth\src\dx\DxSolver.h">
      <Filter>src\dx</Filter>
    </ClInclude>
    <ClInclude Include="C:\Users\wengold\Desktop\NvCloth\NvCloth\src\dx\DxSolverKernelBlob.h">
      <Filter>src\dx</Filter>
    </ClInclude>
    <ClInclude Include="C:\Users\wengold\Desktop\NvCloth\NvCloth\include\NvCloth\Allocator.h">
      <Filter>include\NvCloth</Filter>
    </ClInclude>
    <ClInclude Include="C:\Users\wengold\Desktop\NvCloth\NvCloth\include\NvCloth\Callbacks.h">
      <Filter>include\NvCloth</Filter>
    </ClInclude>
    <ClInclude Include="C:\Users\wengold\Desktop\NvCloth\NvCloth\include\NvCloth\Cloth.h">
      <Filter>include\NvCloth</Filter>
    </ClInclude>
    <ClInclude Include="C:\Users\wengold\Desktop\NvCloth\NvCloth\include\NvCloth\DxContextManagerCallback.h">
      <Filter>include\NvCloth</Filter>
    </ClInclude>
    <ClInclude Include="C:\Users\wengold\Desktop\NvCloth\NvCloth\include\NvCloth\Fabric.h">
      <Filter>include\NvCloth</Filter>
    </ClInclude>
    <ClInclude Include="C:\Users\wengold\Desktop\NvCloth\NvCloth\include\NvCloth\Factory.h">
      <Filter>include\NvCloth</Filter>
    </ClInclude>
    <ClInclude Include="C:\Users\wengold\Desktop\NvCloth\NvCloth\include\NvCloth\PhaseConfig.h">
      <Filter>include\NvCloth</Filter>
    </ClInclude>
    <ClInclude Include="C:\Users\wengold\Desktop\NvCloth\NvCloth\include\NvCloth\Range.h">
      <Filter>include\NvCloth</Filter>
    </ClInclude>
    <ClInclude Include="C:\Users\wengold\Desktop\NvCloth\NvCloth\include\NvCloth\Solver.h">
      <Filter>include\NvCloth</Filter>
    </ClInclude>
    <ClInclude Include="C:\Users\wengold\Desktop\NvCloth\NvCloth\include\NvCloth\ps\Ps.h">
      <Filter>include\NvCloth\ps</Filter>
    </ClInclude>
    <ClInclude Include="C:\Users\wengold\Desktop\NvCloth\NvCloth\include\NvCloth\ps\PsAtomic.h">
      <Filter>include\NvCloth\ps</Filter>
    </ClInclude>
    <ClInclude Include="C:\Users\wengold\Desktop\NvCloth\NvCloth\include\NvCloth\ps\PsAlignedMalloc.h">
      <Filter>include\NvCloth\ps</Filter>
    </ClInclude>
    <ClInclude Include="C:\Users\wengold\Desktop\NvCloth\NvCloth\include\NvCloth\ps\PsAllocator.h">
      <Filter>include\NvCloth\ps</Filter>
    </ClInclude>
    <ClInclude Include="C:\Users\wengold\Desktop\NvCloth\NvCloth\include\NvCloth\ps\PsArray.h">
      <Filter>include\NvCloth\ps</Filter>
    </ClInclude>
    <ClInclude Include="C:\Users\wengold\Desktop\NvCloth\NvCloth\include\NvCloth\ps\PsBasicTemplates.h">
      <Filter>include\NvCloth\ps</Filter>
    </ClInclude>
    <ClInclude Include="C:\Users\wengold\Desktop\NvCloth\NvCloth\include\NvCloth\ps\PsBitUtils.h">
      <Filter>include\NvCloth\ps</Filter>
    </ClInclude>
    <ClInclude Include="C:\Users\wengold\Desktop\NvCloth\NvCloth\include\NvCloth\ps\PsHash.h">
      <Filter>include\NvCloth\ps</Filter>
    </ClInclude>
    <ClInclude Include="C:\Users\wengold\Desktop\NvCloth\NvCloth\include\NvCloth\ps\PsHashInternals.h">
      <Filter>include\NvCloth\ps</Filter>
    </ClInclude>
    <ClInclude Include="C:\Users\wengold\Desktop\NvCloth\NvCloth\include\NvCloth\ps\PsHashMap.h">
      <Filter>include\NvCloth\ps</Filter>
    </ClInclude>
    <ClInclude Include="C:\Users\wengold\Desktop\NvCloth\NvCloth\include\NvCloth\ps\PsIntrinsics.h">
      <Filter>include\NvCloth\ps</Filter>
    </ClInclude>
    <ClInclude Include="C:\Users\wengold\Desktop\NvCloth\NvCloth\include\NvCloth\ps\PsUserAllocated.h">
      <Filter>include\NvCloth\ps</Filter>
    </ClInclude>
    <ClInclude Include="C:\Users\wengold\Desktop\NvCloth\NvCloth\include\NvCloth\ps\PsMathUtils.h">
      <Filter>include\NvCloth\ps</Filter>
    </ClInclude>
    <ClInclude Include="C:\Users\wengold\Desktop\NvCloth\NvCloth\src\BoundingBox.h">
      <Filter>src</Filter>
    </ClInclude>
    <ClInclude Include="C:\Users\wengold\Desktop\NvCloth\NvCloth\src\ClothBase.h">
      <Filter>src</Filter>
    </ClInclude>
    <ClInclude Include="C:\Users\wengold\Desktop\NvCloth\NvCloth\src\ClothClone.h">
      <Filter>src</Filter>
    </ClInclude>
    <ClInclude Include="C:\Users\wengold\Desktop\NvCloth\NvCloth\src\ClothImpl.h">
      <Filter>src</Filter>
    </ClInclude>
    <ClInclude Include="C:\Users\wengold\Desktop\NvCloth\NvCloth\src\IndexPair.h">
      <Filter>src</Filter>
    </ClInclude>
    <ClInclude Include="C:\Users\wengold\Desktop\NvCloth\NvCloth\src\IterationState.h">
      <Filter>src</Filter>
    </ClInclude>
    <ClInclude Include="C:\Users\wengold\Desktop\NvCloth\NvCloth\src\MovingAverage.h">
      <Filter>src</Filter>
    </ClInclude>
    <ClInclude Include="C:\Users\wengold\Desktop\NvCloth\NvCloth\src\PointInterpolator.h">
      <Filter>src</Filter>
    </ClInclude>
    <ClInclude Include="C:\Users\wengold\Desktop\NvCloth\NvCloth\src\Simd.h">
      <Filter>src</Filter>
    </ClInclude>
    <ClInclude Include="C:\Users\wengold\Desktop\NvCloth\NvCloth\src\StackAllocator.h">
      <Filter>src</Filter>
    </ClInclude>
    <ClInclude Include="C:\Users\wengold\Desktop\NvCloth\NvCloth\src\SwCloth.h">
      <Filter>src</Filter>
    </ClInclude>
    <ClInclude Include="C:\Users\wengold\Desktop\NvCloth\NvCloth\src\SwClothData.h">
      <Filter>src</Filter>
    </ClInclude>
    <ClInclude Include="C:\Users\wengold\Desktop\NvCloth\NvCloth\src\SwCollision.h">
      <Filter>src</Filter>
    </ClInclude>
    <ClInclude Include="C:\Users\wengold\Desktop\NvCloth\NvCloth\src\SwCollisionHelpers.h">
      <Filter>src</Filter>
    </ClInclude>
    <ClInclude Include="C:\Users\wengold\Desktop\NvCloth\NvCloth\src\SwFabric.h">
      <Filter>src</Filter>
    </ClInclude>
    <ClInclude Include="C:\Users\wengold\Desktop\NvCloth\NvCloth\src\SwFactory.h">
      <Filter>src</Filter>
    </ClInclude>
    <ClInclude Include="C:\Users\wengold\Desktop\NvCloth\NvCloth\src\SwInterCollision.h">
      <Filter>src</Filter>
    </ClInclude>
    <ClInclude Include="C:\Users\wengold\Desktop\NvCloth\NvCloth\src\SwSelfCollision.h">
      <Filter>src</Filter>
    </ClInclude>
    <ClInclude Include="C:\Users\wengold\Desktop\NvCloth\NvCloth\src\SwSolver.h">
      <Filter>src</Filter>
    </ClInclude>
    <ClInclude Include="C:\Users\wengold\Desktop\NvCloth\NvCloth\src\SwSolverKernel.h">
      <Filter>src</Filter>
    </ClInclude>
    <ClInclude Include="C:\Users\wengold\Desktop\NvCloth\NvCloth\src\TripletScheduler.h">
      <Filter>src</Filter>
    </ClInclude>
    <ClInclude Include="C:\Users\wengold\Desktop\NvCloth\NvCloth\src\Vec4T.h">
      <Filter>src</Filter>
    </ClInclude>
    <ClInclude Include="C:\Users\wengold\Desktop\NvCloth\NvCloth\src\NvSimd\NvSimd4f.h">
      <Filter>src\NvSimd</Filter>
    </ClInclude>
    <ClInclude Include="C:\Users\wengold\Desktop\NvCloth\NvCloth\src\NvSimd\NvSimd4i.h">
      <Filter>src\NvSimd</Filter>
    </ClInclude>
    <ClInclude Include="C:\Users\wengold\Desktop\NvCloth\NvCloth\src\NvSimd\NvSimdTypes.h">
      <Filter>src\NvSimd</Filter>
    </ClInclude>
    <ClInclude Include="C:\Users\wengold\Desktop\NvCloth\NvCloth\src\NvSimd\neon\NvNeonSimd4f.h">
      <Filter>src\NvSimd\neon</Filter>
    </ClInclude>
    <ClInclude Include="C:\Users\wengold\Desktop\NvCloth\NvCloth\src\NvSimd\neon\NvNeonSimd4i.h">
      <Filter>src\NvSimd\neon</Filter>
    </ClInclude>
    <ClInclude Include="C:\Users\wengold\Desktop\NvCloth\NvCloth\src\NvSimd\neon\NvNeonSimdTypes.h">
      <Filter>src\NvSimd\neon</Filter>
    </ClInclude>
    <ClInclude Include="C:\Users\wengold\Desktop\NvCloth\NvCloth\src\NvSimd\scalar\NvScalarSimd4f.h">
      <Filter>src\NvSimd\scalar</Filter>
    </ClInclude>
    <ClInclude Include="C:\Users\wengold\Desktop\NvCloth\NvCloth\src\NvSimd\scalar\NvScalarSimd4i.h">
      <Filter>src\NvSimd\scalar</Filter>
    </ClInclude>
    <ClInclude Include="C:\Users\wengold\Desktop\NvCloth\NvCloth\src\NvSimd\scalar\NvScalarSimdTypes.h">
      <Filter>src\NvSimd\scalar</Filter>
    </ClInclude>
    <ClInclude Include="C:\Users\wengold\Desktop\NvCloth\NvCloth\src\NvSimd\sse2\NvSse2Simd4f.h">
      <Filter>src\NvSimd\sse2</Filter>
    </ClInclude>
    <ClInclude Include="C:\Users\wengold\Desktop\NvCloth\NvCloth\src\NvSimd\sse2\NvSse2Simd4i.h">
      <Filter>src\NvSimd\sse2</Filter>
    </ClInclude>
    <ClInclude Include="C:\Users\wengold\Desktop\NvCloth\NvCloth\src\NvSimd\sse2\NvSse2SimdTypes.h">
      <Filter>src\NvSimd\sse2</Filter>
    </ClInclude>
    <ClInclude Include="C:\Users\wengold\Desktop\NvCloth\NvCloth\src\scalar\SwCollisionHelpers.h">
      <Filter>src\scalar</Filter>
    </ClInclude>
    <ClInclude Include="C:\Users\wengold\Desktop\NvCloth\NvCloth\src\sse2\SwCollisionHelpers.h">
      <Filter>src\sse2</Filter>
    </ClInclude>
    <ClInclude Include="C:\Users\wengold\Desktop\NvCloth\NvCloth\src\sse2\SwSolveConstraints.h">
      <Filter>src\sse2</Filter>
    </ClInclude>
    <ClInclude Include="C:\Users\wengold\Desktop\NvCloth\NvCloth\src\ps\PsAlloca.h">
      <Filter>src\ps</Filter>
    </ClInclude>
    <ClInclude Include="C:\Users\wengold\Desktop\NvCloth\NvCloth\src\ps\PsFPU.h">
      <Filter>src\ps</Filter>
    </ClInclude>
    <ClInclude Include="C:\Users\wengold\Desktop\NvCloth\NvCloth\src\ps\PsSort.h">
      <Filter>src\ps</Filter>
    </ClInclude>
    <ClInclude Include="C:\Users\wengold\Desktop\NvCloth\NvCloth\src\ps\PsSortInternals.h">
      <Filter>src\ps</Filter>
    </ClInclude>
    <ClInclude Include="C:\Users\wengold\Desktop\NvCloth\NvCloth\src\ps\PsUtilities.h">
      <Filter>src\ps</Filter>
    </ClInclude>
    <ClInclude Include="C:\Users\wengold\Desktop\NvCloth\NvCloth\src\ps\PxIntrinsics.h">
      <Filter>src\ps</Filter>
    </ClInclude>
    <ClInclude Include="C:\Users\wengold\Desktop\NvCloth\NvCloth\extensions\include\NvClothExt\ClothFabricCooker.h">
      <Filter>extensions\include\NvClothExt</Filter>
    </ClInclude>
    <ClInclude Include="C:\Users\wengold\Desktop\NvCloth\NvCloth\extensions\include\NvClothExt\ClothMeshDesc.h">
      <Filter>extensions\include\NvClothExt</Filter>
    </ClInclude>
    <ClInclude Include="C:\Users\wengold\Desktop\NvCloth\NvCloth\extensions\include\NvClothExt\ClothMeshQuadifier.h">
      <Filter>extensions\include\NvClothExt</Filter>
    </ClInclude>
    <ClInclude Include="C:\Users\wengold\Desktop\NvCloth\NvCloth\extensions\include\NvClothExt\ClothTetherCooker.h">
      <Filter>extensions\include\NvClothExt</Filter>
    </ClInclude>
  </ItemGroup>
  <ItemGroup>
    <CustomBuild Include="C:\Users\wengold\Desktop\NvCloth\NvCloth\src\cuda\CuSolverKernel.cu">
      <Filter>src\cuda</Filter>
    </CustomBuild>
    <CustomBuild Include="C:\Users\wengold\Desktop\NvCloth\NvCloth\compiler\cmake\windows\CMakeLists.txt" />
    <CustomBuild Include="C:\Users\wengold\Desktop\NvCloth\NvCloth\samples\compiler\vc14win64-cmake\CMakeFiles\998345f3590e91f90e030ed91d768ec4\CuSolverKernelBlob.h.rule">
      <Filter>CMake Rules</Filter>
    </CustomBuild>
  </ItemGroup>
  <ItemGroup>
    <FXCompile Include="C:\Users\wengold\Desktop\NvCloth\NvCloth\src\dx\DxSolverKernel.hlsl">
      <Filter>src\dx</Filter>
    </FXCompile>
  </ItemGroup>
  <ItemGroup>
    <None Include="C:\Users\wengold\Desktop\NvCloth\NvCloth\src\dx\DxSortKernel.inc">
      <Filter>src\dx</Filter>
    </None>
  </ItemGroup>
  <ItemGroup>
    <Filter Include="src\ps\windows">
      <UniqueIdentifier>{F9AEB40A-B61B-3A4E-BA66-6801E5E9BC8E}</UniqueIdentifier>
    </Filter>
    <Filter Include="include\NvCloth">
      <UniqueIdentifier>{E7FD3335-18F0-3F39-8B74-86A68A8C9B65}</UniqueIdentifier>
    </Filter>
    <Filter Include="include\NvCloth\ps">
      <UniqueIdentifier>{A44CE388-3236-3672-8E83-A913746EE099}</UniqueIdentifier>
    </Filter>
    <Filter Include="include\NvCloth\ps\windows">
      <UniqueIdentifier>{50C0D496-5D7A-3606-9AFE-CB97AE114671}</UniqueIdentifier>
    </Filter>
    <Filter Include="extensions\include\NvClothExt">
      <UniqueIdentifier>{C173D1D6-226A-320F-B0B6-17394FAB4D49}</UniqueIdentifier>
    </Filter>
    <Filter Include="src\NvSimd\neon">
      <UniqueIdentifier>{FB93497F-CB0A-3AB4-8E01-752E3CA5EA8C}</UniqueIdentifier>
    </Filter>
    <Filter Include="src\NvSimd\scalar">
      <UniqueIdentifier>{4E663515-D550-3E76-AD27-89C5A39C9E17}</UniqueIdentifier>
    </Filter>
    <Filter Include="src\NvSimd\sse2">
      <UniqueIdentifier>{597A2661-3BBE-3247-B6F1-BC26D6AEE6C5}</UniqueIdentifier>
    </Filter>
    <Filter Include="extensions\include">
      <UniqueIdentifier>{A5E01996-8696-3A7F-94BE-BD0614F164C4}</UniqueIdentifier>
    </Filter>
    <Filter Include="extensions\src">
      <UniqueIdentifier>{AB0F76FA-3800-3557-9B7E-0B1DF4D79BB1}</UniqueIdentifier>
    </Filter>
    <Filter Include="CMake Rules">
      <UniqueIdentifier>{107928FE-7E9C-3806-A257-DD1F3323DBAA}</UniqueIdentifier>
    </Filter>
    <Filter Include="src">
      <UniqueIdentifier>{AFC71A45-0455-35FD-94E7-906E484D75BC}</UniqueIdentifier>
    </Filter>
    <Filter Include="include">
      <UniqueIdentifier>{F80F7E26-4DE3-343A-90FE-661FB11F21A9}</UniqueIdentifier>
    </Filter>
    <Filter Include="extensions">
      <UniqueIdentifier>{4EF5264F-BC40-38F5-B5B2-84A98FEC77DF}</UniqueIdentifier>
    </Filter>
    <Filter Include="src\ps">
      <UniqueIdentifier>{D5893219-9369-3AEA-BC6C-8344BFA48DC5}</UniqueIdentifier>
    </Filter>
    <Filter Include="src\cuda">
      <UniqueIdentifier>{036516CA-9697-3666-99AA-7C4EF47E32B0}</UniqueIdentifier>
    </Filter>
    <Filter Include="src\dx">
      <UniqueIdentifier>{62EE4D12-1694-32AA-AF41-E5076C575835}</UniqueIdentifier>
    </Filter>
    <Filter Include="src\avx">
      <UniqueIdentifier>{ACB70C09-4D84-3383-9DB4-497FCE0EE050}</UniqueIdentifier>
    </Filter>
    <Filter Include="src\NvSimd">
      <UniqueIdentifier>{85560B72-5B6F-3C69-9291-C4DEBD91093D}</UniqueIdentifier>
    </Filter>
    <Filter Include="src\scalar">
      <UniqueIdentifier>{76C30E66-99E8-3F69-A5C9-7CD403B96361}</UniqueIdentifier>
    </Filter>
    <Filter Include="src\sse2">
      <UniqueIdentifier>{232F80FC-08C6-3C94-B16F-C690CD0C6A63}</UniqueIdentifier>
    </Filter>
  </ItemGroup>
</Project>
