<?xml version="1.0" encoding="UTF-8"?>
<Project ToolsVersion="14.0" xmlns="http://schemas.microsoft.com/developer/msbuild/2003">
  <ItemGroup>
    <CustomBuild Include="C:\Users\wengold\Desktop\NvCloth\NvCloth\compiler\vc14win64-cmake\CMakeFiles\e2598b31ba20d9a3f6c7be67d129915a\generate.stamp.rule">
      <Filter>CMake Rules</Filter>
    </CustomBuild>
  </ItemGroup>
  <ItemGroup>
    <Filter Include="CMake Rules">
      <UniqueIdentifier>{F5ACD48C-A8A6-3274-BA52-E95B7A93B930}</UniqueIdentifier>
    </Filter>
  </ItemGroup>
</Project>
